
Microsoft Visual Studio Solution File, Format Version 11.00
# Visual Studio 2010
Project("{FAE04EC0-301F-11D3-BF4B-00C04F79EFBC}") = "Assembly-CSharp", "Assembly-CSharp.csproj", "{6B20C06F-C481-1FA3-864D-9A5BE6C7DC5C}"
EndProject
Project("{FAE04EC0-301F-11D3-BF4B-00C04F79EFBC}") = "Assembly-CSharp-Editor", "Assembly-CSharp-Editor.csproj", "{CD46FCB0-8D94-B99E-FD74-75F4F6A18CC6}"
EndProject
Global
	GlobalSection(SolutionConfigurationPlatforms) = preSolution
		Debug|Any CPU = Debug|Any CPU
		Release|Any CPU = Release|Any CPU
	EndGlobalSection
	GlobalSection(ProjectConfigurationPlatforms) = postSolution
		{6B20C06F-C481-1FA3-864D-9A5BE6C7DC5C}.Debug|Any CPU.ActiveCfg = Debug|Any CPU
		{6B20C06F-C481-1FA3-864D-9A5BE6C7DC5C}.Debug|Any CPU.Build.0 = Debug|Any CPU
		{6B20C06F-C481-1FA3-864D-9A5BE6C7DC5C}.Release|Any CPU.ActiveCfg = Release|Any CPU
		{6B20C06F-C481-1FA3-864D-9A5BE6C7DC5C}.Release|Any CPU.Build.0 = Release|Any CPU
		{CD46FCB0-8D94-B99E-FD74-75F4F6A18CC6}.Debug|Any CPU.ActiveCfg = Debug|Any CPU
		{CD46FCB0-8D94-B99E-FD74-75F4F6A18CC6}.Debug|Any CPU.Build.0 = Debug|Any CPU
		{CD46FCB0-8D94-B99E-FD74-75F4F6A18CC6}.Release|Any CPU.ActiveCfg = Release|Any CPU
		{CD46FCB0-8D94-B99E-FD74-75F4F6A18CC6}.Release|Any CPU.Build.0 = Release|Any CPU
	EndGlobalSection
	GlobalSection(SolutionProperties) = preSolution
		HideSolutionNode = FALSE
	EndGlobalSection
	GlobalSection(MonoDevelopProperties) = preSolution
		StartupItem = Assembly-CSharp.csproj
	EndGlobalSection
EndGlobal
